
Microsoft Visual Studio Solution File, Format Version 12.00
# Visual Studio Version 17
VisualStudioVersion = 17.2.32516.85
MinimumVisualStudioVersion = 10.0.40219.1
Project("{FAE04EC0-301F-11D3-BF4B-00C04F79EFBC}") = "SnakeGame", "SnakeGame\SnakeGame.csproj", "{9663D443-9CC1-4DF9-9305-EBE0F5BDD6BD}"
EndProject
Global
	GlobalSection(SolutionConfigurationPlatforms) = preSolution
		Debug|Any CPU = Debug|Any CPU
		Release|Any CPU = Release|Any CPU
	EndGlobalSection
	GlobalSection(ProjectConfigurationPlatforms) = postSolution
		{9663D443-9CC1-4DF9-9305-EBE0F5BDD6BD}.Debug|Any CPU.ActiveCfg = Debug|Any CPU
		{9663D443-9CC1-4DF9-9305-EBE0F5BDD6BD}.Debug|Any CPU.Build.0 = Debug|Any CPU
		{9663D443-9CC1-4DF9-9305-EBE0F5BDD6BD}.Release|Any CPU.ActiveCfg = Release|Any CPU
		{9663D443-9CC1-4DF9-9305-EBE0F5BDD6BD}.Release|Any CPU.Build.0 = Release|Any CPU
	EndGlobalSection
	GlobalSection(SolutionProperties) = preSolution
		HideSolutionNode = FALSE
	EndGlobalSection
	GlobalSection(ExtensibilityGlobals) = postSolution
		SolutionGuid = {72D6B84F-0EED-40F6-B5AE-7D41EEAA1B05}
	EndGlobalSection
EndGlobal
